# This file is automatically @generated by Cargo.
# It is not intended for manual editing.
version = 4

[[package]]
name = "Day2"
version = "0.1.0"
dependencies = [
 "foreach",
]

[[package]]
name = "foreach"
version = "0.3.0"
source = "registry+https://github.com/rust-lang/crates.io-index"
checksum = "6e40f949ebdea38c2472c6b5108809b8d06289ef95e05be0d85db44de03d6d92"
